// !$*UTF8*$!
{
	archiveVersion = 1;
	classes = {
	};
	objectVersion = 56;
	objects = {

/* Begin PBXBuildFile section */
		ADC01C8529A1EA870091743C /* Article.swift in Sources */ = {isa = PBXBuildFile; fileRef = ADC01C8429A1EA870091743C /* Article.swift */; };
		ADF0990829A0FF1A006D93C2 /* AppDelegate.swift in Sources */ = {isa = PBXBuildFile; fileRef = ADF0990729A0FF1A006D93C2 /* AppDelegate.swift */; };
		ADF0990A29A0FF1A006D93C2 /* SceneDelegate.swift in Sources */ = {isa = PBXBuildFile; fileRef = ADF0990929A0FF1A006D93C2 /* SceneDelegate.swift */; };
		ADF0990C29A0FF1A006D93C2 /* ViewController.swift in Sources */ = {isa = PBXBuildFile; fileRef = ADF0990B29A0FF1A006D93C2 /* ViewController.swift */; };
		ADF0990F29A0FF1A006D93C2 /* Main.storyboard in Resources */ = {isa = PBXBuildFile; fileRef = ADF0990D29A0FF1A006D93C2 /* Main.storyboard */; };
		ADF0991129A0FF1B006D93C2 /* Assets.xcassets in Resources */ = {isa = PBXBuildFile; fileRef = ADF0991029A0FF1B006D93C2 /* Assets.xcassets */; };
		ADF0991429A0FF1B006D93C2 /* LaunchScreen.storyboard in Resources */ = {isa = PBXBuildFile; fileRef = ADF0991229A0FF1B006D93C2 /* LaunchScreen.storyboard */; };
		ADF0991E29A11053006D93C2 /* DetailCountryView.swift in Sources */ = {isa = PBXBuildFile; fileRef = ADF0991D29A11053006D93C2 /* DetailCountryView.swift */; };
		ADF0992029A1132A006D93C2 /* DetailCountryView.storyboard in Resources */ = {isa = PBXBuildFile; fileRef = ADF0991F29A1132A006D93C2 /* DetailCountryView.storyboard */; };
		ADF0992329A13504006D93C2 /* Model.swift in Sources */ = {isa = PBXBuildFile; fileRef = ADF0992229A13504006D93C2 /* Model.swift */; };
/* End PBXBuildFile section */

/* Begin PBXFileReference section */
		ADC01C8429A1EA870091743C /* Article.swift */ = {isa = PBXFileReference; lastKnownFileType = sourcecode.swift; path = Article.swift; sourceTree = "<group>"; };
		ADF0990429A0FF1A006D93C2 /* FindAsiaApp.app */ = {isa = PBXFileReference; explicitFileType = wrapper.application; includeInIndex = 0; path = FindAsiaApp.app; sourceTree = BUILT_PRODUCTS_DIR; };
		ADF0990729A0FF1A006D93C2 /* AppDelegate.swift */ = {isa = PBXFileReference; lastKnownFileType = sourcecode.swift; path = AppDelegate.swift; sourceTree = "<group>"; };
		ADF0990929A0FF1A006D93C2 /* SceneDelegate.swift */ = {isa = PBXFileReference; lastKnownFileType = sourcecode.swift; path = SceneDelegate.swift; sourceTree = "<group>"; };
		ADF0990B29A0FF1A006D93C2 /* ViewController.swift */ = {isa = PBXFileReference; lastKnownFileType = sourcecode.swift; path = ViewController.swift; sourceTree = "<group>"; };
		ADF0990E29A0FF1A006D93C2 /* Base */ = {isa = PBXFileReference; lastKnownFileType = file.storyboard; name = Base; path = Base.lproj/Main.storyboard; sourceTree = "<group>"; };
		ADF0991029A0FF1B006D93C2 /* Assets.xcassets */ = {isa = PBXFileReference; lastKnownFileType = folder.assetcatalog; path = Assets.xcassets; sourceTree = "<group>"; };
		ADF0991329A0FF1B006D93C2 /* Base */ = {isa = PBXFileReference; lastKnownFileType = file.storyboard; name = Base; path = Base.lproj/LaunchScreen.storyboard; sourceTree = "<group>"; };
		ADF0991529A0FF1B006D93C2 /* Info.plist */ = {isa = PBXFileReference; lastKnownFileType = text.plist.xml; path = Info.plist; sourceTree = "<group>"; };
		ADF0991D29A11053006D93C2 /* DetailCountryView.swift */ = {isa = PBXFileReference; lastKnownFileType = sourcecode.swift; path = DetailCountryView.swift; sourceTree = "<group>"; };
		ADF0991F29A1132A006D93C2 /* DetailCountryView.storyboard */ = {isa = PBXFileReference; lastKnownFileType = file.storyboard; path = DetailCountryView.storyboard; sourceTree = "<group>"; };
		ADF0992229A13504006D93C2 /* Model.swift */ = {isa = PBXFileReference; lastKnownFileType = sourcecode.swift; path = Model.swift; sourceTree = "<group>"; };
/* End PBXFileReference section */

/* Begin PBXFrameworksBuildPhase section */
		ADF0990129A0FF1A006D93C2 /* Frameworks */ = {
			isa = PBXFrameworksBuildPhase;
			buildActionMask = 2147483647;
			files = (
			);
			runOnlyForDeploymentPostprocessing = 0;
		};
/* End PBXFrameworksBuildPhase section */

/* Begin PBXGroup section */
		ADC01C8629A1EE120091743C /* Views */ = {
			isa = PBXGroup;
			children = (
				ADF0990B29A0FF1A006D93C2 /* ViewController.swift */,
				ADF0991D29A11053006D93C2 /* DetailCountryView.swift */,
			);
			path = Views;
			sourceTree = "<group>";
		};
		ADC01C8729A1EE200091743C /* storyboards */ = {
			isa = PBXGroup;
			children = (
				ADF0990D29A0FF1A006D93C2 /* Main.storyboard */,
				ADF0991F29A1132A006D93C2 /* DetailCountryView.storyboard */,
			);
			path = storyboards;
			sourceTree = "<group>";
		};
		ADF098FB29A0FF1A006D93C2 = {
			isa = PBXGroup;
			children = (
				ADF0990629A0FF1A006D93C2 /* FindAsiaApp */,
				ADF0990529A0FF1A006D93C2 /* Products */,
			);
			sourceTree = "<group>";
		};
		ADF0990529A0FF1A006D93C2 /* Products */ = {
			isa = PBXGroup;
			children = (
				ADF0990429A0FF1A006D93C2 /* FindAsiaApp.app */,
			);
			name = Products;
			sourceTree = "<group>";
		};
		ADF0990629A0FF1A006D93C2 /* FindAsiaApp */ = {
			isa = PBXGroup;
			children = (
				ADF0992129A134EA006D93C2 /* Model */,
				ADF0990729A0FF1A006D93C2 /* AppDelegate.swift */,
				ADF0990929A0FF1A006D93C2 /* SceneDelegate.swift */,
				ADC01C8629A1EE120091743C /* Views */,
				ADC01C8729A1EE200091743C /* storyboards */,
				ADF0991029A0FF1B006D93C2 /* Assets.xcassets */,
				ADF0991229A0FF1B006D93C2 /* LaunchScreen.storyboard */,
				ADF0991529A0FF1B006D93C2 /* Info.plist */,
			);
			path = FindAsiaApp;
			sourceTree = "<group>";
		};
		ADF0992129A134EA006D93C2 /* Model */ = {
			isa = PBXGroup;
			children = (
				ADF0992229A13504006D93C2 /* Model.swift */,
				ADC01C8429A1EA870091743C /* Article.swift */,
			);
			path = Model;
			sourceTree = "<group>";
		};
/* End PBXGroup section */

/* Begin PBXNativeTarget section */
		ADF0990329A0FF1A006D93C2 /* FindAsiaApp */ = {
			isa = PBXNativeTarget;
			buildConfigurationList = ADF0991829A0FF1B006D93C2 /* Build configuration list for PBXNativeTarget "FindAsiaApp" */;
			buildPhases = (
				ADF0990029A0FF1A006D93C2 /* Sources */,
				ADF0990129A0FF1A006D93C2 /* Frameworks */,
				ADF0990229A0FF1A006D93C2 /* Resources */,
			);
			buildRules = (
			);
			dependencies = (
			);
			name = FindAsiaApp;
			productName = FindAsiaApp;
			productReference = ADF0990429A0FF1A006D93C2 /* FindAsiaApp.app */;
			productType = "com.apple.product-type.application";
		};
/* End PBXNativeTarget section */

/* Begin PBXProject section */
		ADF098FC29A0FF1A006D93C2 /* Project object */ = {
			isa = PBXProject;
			attributes = {
				BuildIndependentTargetsInParallel = 1;
				LastSwiftUpdateCheck = 1420;
				LastUpgradeCheck = 1420;
				TargetAttributes = {
					ADF0990329A0FF1A006D93C2 = {
						CreatedOnToolsVersion = 14.2;
					};
				};
			};
			buildConfigurationList = ADF098FF29A0FF1A006D93C2 /* Build configuration list for PBXProject "FindAsiaApp" */;
			compatibilityVersion = "Xcode 14.0";
			developmentRegion = en;
			hasScannedForEncodings = 0;
			knownRegions = (
				en,
				Base,
			);
			mainGroup = ADF098FB29A0FF1A006D93C2;
			productRefGroup = ADF0990529A0FF1A006D93C2 /* Products */;
			projectDirPath = "";
			projectRoot = "";
			targets = (
				ADF0990329A0FF1A006D93C2 /* FindAsiaApp */,
			);
		};
/* End PBXProject section */

/* Begin PBXResourcesBuildPhase section */
		ADF0990229A0FF1A006D93C2 /* Resources */ = {
			isa = PBXResourcesBuildPhase;
			buildActionMask = 2147483647;
			files = (
				ADF0991429A0FF1B006D93C2 /* LaunchScreen.storyboard in Resources */,
				ADF0992029A1132A006D93C2 /* DetailCountryView.storyboard in Resources */,
				ADF0991129A0FF1B006D93C2 /* Assets.xcassets in Resources */,
				ADF0990F29A0FF1A006D93C2 /* Main.storyboard in Resources */,
			);
			runOnlyForDeploymentPostprocessing = 0;
		};
/* End PBXResourcesBuildPhase section */

/* Begin PBXSourcesBuildPhase section */
		ADF0990029A0FF1A006D93C2 /* Sources */ = {
			isa = PBXSourcesBuildPhase;
			buildActionMask = 2147483647;
			files = (
				ADF0992329A13504006D93C2 /* Model.swift in Sources */,
				ADF0991E29A11053006D93C2 /* DetailCountryView.swift in Sources */,
				ADC01C8529A1EA870091743C /* Article.swift in Sources */,
				ADF0990C29A0FF1A006D93C2 /* ViewController.swift in Sources */,
				ADF0990829A0FF1A006D93C2 /* AppDelegate.swift in Sources */,
				ADF0990A29A0FF1A006D93C2 /* SceneDelegate.swift in Sources */,
			);
			runOnlyForDeploymentPostprocessing = 0;
		};
/* End PBXSourcesBuildPhase section */

/* Begin PBXVariantGroup section */
		ADF0990D29A0FF1A006D93C2 /* Main.storyboard */ = {
			isa = PBXVariantGroup;
			children = (
				ADF0990E29A0FF1A006D93C2 /* Base */,
			);
			name = Main.storyboard;
			sourceTree = "<group>";
		};
		ADF0991229A0FF1B006D93C2 /* LaunchScreen.storyboard */ = {
			isa = PBXVariantGroup;
			children = (
				ADF0991329A0FF1B006D93C2 /* Base */,
			);
			name = LaunchScreen.storyboard;
			sourceTree = "<group>";
		};
/* End PBXVariantGroup section */

/* Begin XCBuildConfiguration section */
		ADF0991629A0FF1B006D93C2 /* Debug */ = {
			isa = XCBuildConfiguration;
			buildSettings = {
				ALWAYS_SEARCH_USER_PATHS = NO;
				CLANG_ANALYZER_NONNULL = YES;
				CLANG_ANALYZER_NUMBER_OBJECT_CONVERSION = YES_AGGRESSIVE;
				CLANG_CXX_LANGUAGE_STANDARD = "gnu++20";
				CLANG_ENABLE_MODULES = YES;
				CLANG_ENABLE_OBJC_ARC = YES;
				CLANG_ENABLE_OBJC_WEAK = YES;
				CLANG_WARN_BLOCK_CAPTURE_AUTORELEASING = YES;
				CLANG_WARN_BOOL_CONVERSION = YES;
				CLANG_WARN_COMMA = YES;
				CLANG_WARN_CONSTANT_CONVERSION = YES;
				CLANG_WARN_DEPRECATED_OBJC_IMPLEMENTATIONS = YES;
				CLANG_WARN_DIRECT_OBJC_ISA_USAGE = YES_ERROR;
				CLANG_WARN_DOCUMENTATION_COMMENTS = YES;
				CLANG_WARN_EMPTY_BODY = YES;
				CLANG_WARN_ENUM_CONVERSION = YES;
				CLANG_WARN_INFINITE_RECURSION = YES;
				CLANG_WARN_INT_CONVERSION = YES;
				CLANG_WARN_NON_LITERAL_NULL_CONVERSION = YES;
				CLANG_WARN_OBJC_IMPLICIT_RETAIN_SELF = YES;
				CLANG_WARN_OBJC_LITERAL_CONVERSION = YES;
				CLANG_WARN_OBJC_ROOT_CLASS = YES_ERROR;
				CLANG_WARN_QUOTED_INCLUDE_IN_FRAMEWORK_HEADER = YES;
				CLANG_WARN_RANGE_LOOP_ANALYSIS = YES;
				CLANG_WARN_STRICT_PROTOTYPES = YES;
				CLANG_WARN_SUSPICIOUS_MOVE = YES;
				CLANG_WARN_UNGUARDED_AVAILABILITY = YES_AGGRESSIVE;
				CLANG_WARN_UNREACHABLE_CODE = YES;
				CLANG_WARN__DUPLICATE_METHOD_MATCH = YES;
				COPY_PHASE_STRIP = NO;
				DEBUG_INFORMATION_FORMAT = dwarf;
				ENABLE_STRICT_OBJC_MSGSEND = YES;
				ENABLE_TESTABILITY = YES;
				GCC_C_LANGUAGE_STANDARD = gnu11;
				GCC_DYNAMIC_NO_PIC = NO;
				GCC_NO_COMMON_BLOCKS = YES;
				GCC_OPTIMIZATION_LEVEL = 0;
				GCC_PREPROCESSOR_DEFINITIONS = (
					"DEBUG=1",
					"$(inherited)",
				);
				GCC_WARN_64_TO_32_BIT_CONVERSION = YES;
				GCC_WARN_ABOUT_RETURN_TYPE = YES_ERROR;
				GCC_WARN_UNDECLARED_SELECTOR = YES;
				GCC_WARN_UNINITIALIZED_AUTOS = YES_AGGRESSIVE;
				GCC_WARN_UNUSED_FUNCTION = YES;
				GCC_WARN_UNUSED_VARIABLE = YES;
				IPHONEOS_DEPLOYMENT_TARGET = 16.2;
				MTL_ENABLE_DEBUG_INFO = INCLUDE_SOURCE;
				MTL_FAST_MATH = YES;
				ONLY_ACTIVE_ARCH = YES;
				SDKROOT = iphoneos;
				SWIFT_ACTIVE_COMPILATION_CONDITIONS = DEBUG;
				SWIFT_OPTIMIZATION_LEVEL = "-Onone";
			};
			name = Debug;
		};
		ADF0991729A0FF1B006D93C2 /* Release */ = {
			isa = XCBuildConfiguration;
			buildSettings = {
				ALWAYS_SEARCH_USER_PATHS = NO;
				CLANG_ANALYZER_NONNULL = YES;
				CLANG_ANALYZER_NUMBER_OBJECT_CONVERSION = YES_AGGRESSIVE;
				CLANG_CXX_LANGUAGE_STANDARD = "gnu++20";
				CLANG_ENABLE_MODULES = YES;
				CLANG_ENABLE_OBJC_ARC = YES;
				CLANG_ENABLE_OBJC_WEAK = YES;
				CLANG_WARN_BLOCK_CAPTURE_AUTORELEASING = YES;
				CLANG_WARN_BOOL_CONVERSION = YES;
				CLANG_WARN_COMMA = YES;
				CLANG_WARN_CONSTANT_CONVERSION = YES;
				CLANG_WARN_DEPRECATED_OBJC_IMPLEMENTATIONS = YES;
				CLANG_WARN_DIRECT_OBJC_ISA_USAGE = YES_ERROR;
				CLANG_WARN_DOCUMENTATION_COMMENTS = YES;
				CLANG_WARN_EMPTY_BODY = YES;
				CLANG_WARN_ENUM_CONVERSION = YES;
				CLANG_WARN_INFINITE_RECURSION = YES;
				CLANG_WARN_INT_CONVERSION = YES;
				CLANG_WARN_NON_LITERAL_NULL_CONVERSION = YES;
				CLANG_WARN_OBJC_IMPLICIT_RETAIN_SELF = YES;
				CLANG_WARN_OBJC_LITERAL_CONVERSION = YES;
				CLANG_WARN_OBJC_ROOT_CLASS = YES_ERROR;
				CLANG_WARN_QUOTED_INCLUDE_IN_FRAMEWORK_HEADER = YES;
				CLANG_WARN_RANGE_LOOP_ANALYSIS = YES;
				CLANG_WARN_STRICT_PROTOTYPES = YES;
				CLANG_WARN_SUSPICIOUS_MOVE = YES;
				CLANG_WARN_UNGUARDED_AVAILABILITY = YES_AGGRESSIVE;
				CLANG_WARN_UNREACHABLE_CODE = YES;
				CLANG_WARN__DUPLICATE_METHOD_MATCH = YES;
				COPY_PHASE_STRIP = NO;
				DEBUG_INFORMATION_FORMAT = "dwarf-with-dsym";
				ENABLE_NS_ASSERTIONS = NO;
				ENABLE_STRICT_OBJC_MSGSEND = YES;
				GCC_C_LANGUAGE_STANDARD = gnu11;
				GCC_NO_COMMON_BLOCKS = YES;
				GCC_WARN_64_TO_32_BIT_CONVERSION = YES;
				GCC_WARN_ABOUT_RETURN_TYPE = YES_ERROR;
				GCC_WARN_UNDECLARED_SELECTOR = YES;
				GCC_WARN_UNINITIALIZED_AUTOS = YES_AGGRESSIVE;
				GCC_WARN_UNUSED_FUNCTION = YES;
				GCC_WARN_UNUSED_VARIABLE = YES;
				IPHONEOS_DEPLOYMENT_TARGET = 16.2;
				MTL_ENABLE_DEBUG_INFO = NO;
				MTL_FAST_MATH = YES;
				SDKROOT = iphoneos;
				SWIFT_COMPILATION_MODE = wholemodule;
				SWIFT_OPTIMIZATION_LEVEL = "-O";
				VALIDATE_PRODUCT = YES;
			};
			name = Release;
		};
		ADF0991929A0FF1B006D93C2 /* Debug */ = {
			isa = XCBuildConfiguration;
			buildSettings = {
				ASSETCATALOG_COMPILER_APPICON_NAME = AppIcon;
				ASSETCATALOG_COMPILER_GLOBAL_ACCENT_COLOR_NAME = AccentColor;
				CODE_SIGN_STYLE = Automatic;
				CURRENT_PROJECT_VERSION = 1;
				GENERATE_INFOPLIST_FILE = YES;
				INFOPLIST_FILE = FindAsiaApp/Info.plist;
				INFOPLIST_KEY_UIApplicationSupportsIndirectInputEvents = YES;
				INFOPLIST_KEY_UILaunchStoryboardName = LaunchScreen;
				INFOPLIST_KEY_UIMainStoryboardFile = Main;
				INFOPLIST_KEY_UISupportedInterfaceOrientations_iPad = "UIInterfaceOrientationPortrait UIInterfaceOrientationPortraitUpsideDown UIInterfaceOrientationLandscapeLeft UIInterfaceOrientationLandscapeRight";
				INFOPLIST_KEY_UISupportedInterfaceOrientations_iPhone = "UIInterfaceOrientationPortrait UIInterfaceOrientationLandscapeLeft UIInterfaceOrientationLandscapeRight";
				LD_RUNPATH_SEARCH_PATHS = (
					"$(inherited)",
					"@executable_path/Frameworks",
				);
				MARKETING_VERSION = 1.0;
				PRODUCT_BUNDLE_IDENTIFIER = "Shinichi-Omi.FindAsiaApp";
				PRODUCT_NAME = "$(TARGET_NAME)";
				SWIFT_EMIT_LOC_STRINGS = YES;
				SWIFT_VERSION = 5.0;
				TARGETED_DEVICE_FAMILY = "1,2";
			};
			name = Debug;
		};
		ADF0991A29A0FF1B006D93C2 /* Release */ = {
			isa = XCBuildConfiguration;
			buildSettings = {
				ASSETCATALOG_COMPILER_APPICON_NAME = AppIcon;
				ASSETCATALOG_COMPILER_GLOBAL_ACCENT_COLOR_NAME = AccentColor;
				CODE_SIGN_STYLE = Automatic;
				CURRENT_PROJECT_VERSION = 1;
				GENERATE_INFOPLIST_FILE = YES;
				INFOPLIST_FILE = FindAsiaApp/Info.plist;
				INFOPLIST_KEY_UIApplicationSupportsIndirectInputEvents = YES;
				INFOPLIST_KEY_UILaunchStoryboardName = LaunchScreen;
				INFOPLIST_KEY_UIMainStoryboardFile = Main;
				INFOPLIST_KEY_UISupportedInterfaceOrientations_iPad = "UIInterfaceOrientationPortrait UIInterfaceOrientationPortraitUpsideDown UIInterfaceOrientationLandscapeLeft UIInterfaceOrientationLandscapeRight";
				INFOPLIST_KEY_UISupportedInterfaceOrientations_iPhone = "UIInterfaceOrientationPortrait UIInterfaceOrientationLandscapeLeft UIInterfaceOrientationLandscapeRight";
				LD_RUNPATH_SEARCH_PATHS = (
					"$(inherited)",
					"@executable_path/Frameworks",
				);
				MARKETING_VERSION = 1.0;
				PRODUCT_BUNDLE_IDENTIFIER = "Shinichi-Omi.FindAsiaApp";
				PRODUCT_NAME = "$(TARGET_NAME)";
				SWIFT_EMIT_LOC_STRINGS = YES;
				SWIFT_VERSION = 5.0;
				TARGETED_DEVICE_FAMILY = "1,2";
			};
			name = Release;
		};
/* End XCBuildConfiguration section */

/* Begin XCConfigurationList section */
		ADF098FF29A0FF1A006D93C2 /* Build configuration list for PBXProject "FindAsiaApp" */ = {
			isa = XCConfigurationList;
			buildConfigurations = (
				ADF0991629A0FF1B006D93C2 /* Debug */,
				ADF0991729A0FF1B006D93C2 /* Release */,
			);
			defaultConfigurationIsVisible = 0;
			defaultConfigurationName = Release;
		};
		ADF0991829A0FF1B006D93C2 /* Build configuration list for PBXNativeTarget "FindAsiaApp" */ = {
			isa = XCConfigurationList;
			buildConfigurations = (
				ADF0991929A0FF1B006D93C2 /* Debug */,
				ADF0991A29A0FF1B006D93C2 /* Release */,
			);
			defaultConfigurationIsVisible = 0;
			defaultConfigurationName = Release;
		};
/* End XCConfigurationList section */
	};
	rootObject = ADF098FC29A0FF1A006D93C2 /* Project object */;
}
